{
  "name": "dcl-project",
  "version": "1.0.0",
  "lockfileVersion": 1,
  "requires": true,
  "dependencies": {
    "@dcl/ecs-scene-utils": {
      "version": "1.6.1",
      "resolved": "https://registry.npmjs.org/@dcl/ecs-scene-utils/-/ecs-scene-utils-1.6.1.tgz",
      "integrity": "sha512-HA7cwPspgLsx5+YulrimHU4wl7sZaX8DNfCwHBn3g4m0w6vzyy9GgWme+yLUqexUIedGkuhu+nNiWH2fZk4CNQ=="
    },
    "@dcl/ui-scene-utils": {
      "version": "1.8.0",
      "resolved": "https://registry.npmjs.org/@dcl/ui-scene-utils/-/ui-scene-utils-1.8.0.tgz",
      "integrity": "sha512-hZV4bvhIdbB/Lxpdi5oCrjyEwtefzKPtwTfoQ3x4KlDKb4JhGAkVOSeCrT39/2TtLxRcOx5Yn/+MrLeuPIw1Ag=="
    },
    "buffer-from": {
      "version": "1.1.1",
      "resolved": "https://registry.npmjs.org/buffer-from/-/buffer-from-1.1.1.tgz",
      "integrity": "sha512-MQcXEUbCKtEo7bhqEs6560Hyd4XaovZlO/k9V3hjVUF/zwW7KBVdSK4gIt/bzwS9MbR5qob+F5jusZsb0YQK2A==",
      "dev": true
    },
    "commander": {
      "version": "2.20.3",
      "resolved": "https://registry.npmjs.org/commander/-/commander-2.20.3.tgz",
      "integrity": "sha512-GpVkmM8vF2vQUkj2LvZmD35JxeJOLCwJ9cUkugyk2nuhbv3+mJvpLYYt+0+USMxE+oj+ey/lJEnhZw75x/OMcQ==",
      "dev": true
    },
    "decentraland-ecs": {
      "version": "6.6.5-20210422175528.commit-bdbe69f",
      "resolved": "https://registry.npmjs.org/decentraland-ecs/-/decentraland-ecs-6.6.5-20210422175528.commit-bdbe69f.tgz",
      "integrity": "sha512-Ydie7pR7WQpziTIHkHgwS6P1fg6HYc2KmEFy0MvwFXHa03xPURlfMRYApguMbnuJ+leO7ILvZWaVTfiw6nItTQ==",
      "dev": true,
      "requires": {
        "terser": "^5.2.1",
        "typescript": "^4.0.2"
      }
    },
    "decentraland-transactions": {
      "version": "1.5.3",
      "resolved": "https://registry.npmjs.org/decentraland-transactions/-/decentraland-transactions-1.5.3.tgz",
      "integrity": "sha512-vohHbD+ASDeXkiN7I0Sh8Qy8gIqx2oHzmgWFnALQ0xO9gpheDU0pbtTL7f+5oQg3YWjd09ONNyS75vMX55Fdhg=="
    },
    "eth-connect": {
      "version": "6.0.0",
      "resolved": "https://registry.npmjs.org/eth-connect/-/eth-connect-6.0.0.tgz",
      "integrity": "sha512-We+FmEtdVnu61uYJf2BffoK1qLjyLJfNy/4FAqCp5oW9sHdIAEEex0MHyt0WYIBMMAnexusmEbHzT39H2bhKYQ=="
    },
    "source-map": {
      "version": "0.7.3",
      "resolved": "https://registry.npmjs.org/source-map/-/source-map-0.7.3.tgz",
      "integrity": "sha512-CkCj6giN3S+n9qrYiBTX5gystlENnRW5jZeNLHpe6aue+SrHcG5VYwujhW9s4dY31mEGsxBDrHR6oI69fTXsaQ==",
      "dev": true
    },
    "source-map-support": {
      "version": "0.5.19",
      "resolved": "https://registry.npmjs.org/source-map-support/-/source-map-support-0.5.19.tgz",
      "integrity": "sha512-Wonm7zOCIJzBGQdB+thsPar0kYuCIzYvxZwlBa87yi/Mdjv7Tip2cyVbLj5o0cFPN4EVkuTwb3GDDyUx2DGnGw==",
      "dev": true,
      "requires": {
        "buffer-from": "^1.0.0",
        "source-map": "^0.6.0"
      },
      "dependencies": {
        "source-map": {
          "version": "0.6.1",
          "resolved": "https://registry.npmjs.org/source-map/-/source-map-0.6.1.tgz",
          "integrity": "sha512-UjgapumWlbMhkBgzT7Ykc5YXUT46F0iKu8SGXq0bcwP5dz/h0Plj6enJqjz1Zbq2l5WaqYnrVbwWOWMyF3F47g==",
          "dev": true
        }
      }
    },
    "terser": {
      "version": "5.6.1",
      "resolved": "https://registry.npmjs.org/terser/-/terser-5.6.1.tgz",
      "integrity": "sha512-yv9YLFQQ+3ZqgWCUk+pvNJwgUTdlIxUk1WTN+RnaFJe2L7ipG2csPT0ra2XRm7Cs8cxN7QXmK1rFzEwYEQkzXw==",
      "dev": true,
      "requires": {
        "commander": "^2.20.0",
        "source-map": "~0.7.2",
        "source-map-support": "~0.5.19"
      }
    },
    "typescript": {
      "version": "4.2.4",
      "resolved": "https://registry.npmjs.org/typescript/-/typescript-4.2.4.tgz",
      "integrity": "sha512-V+evlYHZnQkaz8TRBuxTA92yZBPotr5H+WhQ7bD3hZUndx5tGOa1fuCgeSjxAzM1RiN5IzvadIXTVefuuwZCRg==",
      "dev": true
    }
  }
}
